
Microsoft Visual Studio Solution File, Format Version 11.00
# Visual Studio 2010
Project("{FAE04EC0-301F-11D3-BF4B-00C04F79EFBC}") = "Neuroverkkotesti", "Assembly-CSharp.csproj", "{5F1B1897-1CF4-5574-1944-521D3AEEB218}"
EndProject
Project("{FAE04EC0-301F-11D3-BF4B-00C04F79EFBC}") = "Neuroverkkotesti", "Assembly-CSharp-Editor.csproj", "{F294EBB1-E6E5-FD49-BEB3-8580F92768AB}"
EndProject
Global
	GlobalSection(SolutionConfigurationPlatforms) = preSolution
		Debug|Any CPU = Debug|Any CPU
		Release|Any CPU = Release|Any CPU
	EndGlobalSection
	GlobalSection(ProjectConfigurationPlatforms) = postSolution
		{5F1B1897-1CF4-5574-1944-521D3AEEB218}.Debug|Any CPU.ActiveCfg = Debug|Any CPU
		{5F1B1897-1CF4-5574-1944-521D3AEEB218}.Debug|Any CPU.Build.0 = Debug|Any CPU
		{5F1B1897-1CF4-5574-1944-521D3AEEB218}.Release|Any CPU.ActiveCfg = Release|Any CPU
		{5F1B1897-1CF4-5574-1944-521D3AEEB218}.Release|Any CPU.Build.0 = Release|Any CPU
		{F294EBB1-E6E5-FD49-BEB3-8580F92768AB}.Debug|Any CPU.ActiveCfg = Debug|Any CPU
		{F294EBB1-E6E5-FD49-BEB3-8580F92768AB}.Debug|Any CPU.Build.0 = Debug|Any CPU
		{F294EBB1-E6E5-FD49-BEB3-8580F92768AB}.Release|Any CPU.ActiveCfg = Release|Any CPU
		{F294EBB1-E6E5-FD49-BEB3-8580F92768AB}.Release|Any CPU.Build.0 = Release|Any CPU
	EndGlobalSection
	GlobalSection(SolutionProperties) = preSolution
		HideSolutionNode = FALSE
	EndGlobalSection
	GlobalSection(MonoDevelopProperties) = preSolution
		StartupItem = Assembly-CSharp.csproj
	EndGlobalSection
EndGlobal
